// !$*UTF8*$!
{
	archiveVersion = 1;
	classes = {
	};
	objectVersion = 50;
	objects = {

/* Begin PBXBuildFile section */
		E004E68322CB2C1500CF0846 /* Constants.swift in Sources */ = {isa = PBXBuildFile; fileRef = E004E68222CB2C1500CF0846 /* Constants.swift */; };
		E004E68522CB38F500CF0846 /* Utils.swift in Sources */ = {isa = PBXBuildFile; fileRef = E004E68422CB38F500CF0846 /* Utils.swift */; };
		E08043B622C4BC4500D0F81D /* ImageViewController.swift in Sources */ = {isa = PBXBuildFile; fileRef = E08043B522C4BC4500D0F81D /* ImageViewController.swift */; };
		E0DA72C622B822ED009A9C89 /* AppDelegate.swift in Sources */ = {isa = PBXBuildFile; fileRef = E0DA72C522B822ED009A9C89 /* AppDelegate.swift */; };
		E0DA72CB22B822ED009A9C89 /* Main.storyboard in Resources */ = {isa = PBXBuildFile; fileRef = E0DA72C922B822ED009A9C89 /* Main.storyboard */; };
		E0DA72CD22B822EE009A9C89 /* Assets.xcassets in Resources */ = {isa = PBXBuildFile; fileRef = E0DA72CC22B822EE009A9C89 /* Assets.xcassets */; };
		E0DA72D022B822EE009A9C89 /* LaunchScreen.storyboard in Resources */ = {isa = PBXBuildFile; fileRef = E0DA72CE22B822EE009A9C89 /* LaunchScreen.storyboard */; };
		E0DA72DC22B8239D009A9C89 /* FlickrAPI.swift in Sources */ = {isa = PBXBuildFile; fileRef = E0DA72DB22B8239D009A9C89 /* FlickrAPI.swift */; };
		E0DA72DE22B82489009A9C89 /* MapViewController.swift in Sources */ = {isa = PBXBuildFile; fileRef = E0DA72DD22B82489009A9C89 /* MapViewController.swift */; };
		E0DA72E022B8251B009A9C89 /* Default-568h@2x.png in Resources */ = {isa = PBXBuildFile; fileRef = E0DA72DF22B8251B009A9C89 /* Default-568h@2x.png */; };
		E0DA72E222B96EF9009A9C89 /* FlickerPhoto.swift in Sources */ = {isa = PBXBuildFile; fileRef = E0DA72E122B96EF9009A9C89 /* FlickerPhoto.swift */; };
		E0DA72E522BD4187009A9C89 /* FlickrModel.xcdatamodeld in Sources */ = {isa = PBXBuildFile; fileRef = E0DA72E322BD4187009A9C89 /* FlickrModel.xcdatamodeld */; };
		E0DA72E722BD445E009A9C89 /* DataController.swift in Sources */ = {isa = PBXBuildFile; fileRef = E0DA72E622BD445E009A9C89 /* DataController.swift */; };
		E0DA72E922BD514E009A9C89 /* Pin+Extra.swift in Sources */ = {isa = PBXBuildFile; fileRef = E0DA72E822BD514E009A9C89 /* Pin+Extra.swift */; };
		E0E6C7EA22C2496200EC03F0 /* DetailViewController.swift in Sources */ = {isa = PBXBuildFile; fileRef = E0E6C7E922C2496200EC03F0 /* DetailViewController.swift */; };
		E0E6C7EC22C24A1100EC03F0 /* FlickrCollectionViewCell.swift in Sources */ = {isa = PBXBuildFile; fileRef = E0E6C7EB22C24A1100EC03F0 /* FlickrCollectionViewCell.swift */; };
		E0E6C7EE22C253F300EC03F0 /* Photo+Extra.swift in Sources */ = {isa = PBXBuildFile; fileRef = E0E6C7ED22C253F300EC03F0 /* Photo+Extra.swift */; };
/* End PBXBuildFile section */

/* Begin PBXFileReference section */
		E004E68222CB2C1500CF0846 /* Constants.swift */ = {isa = PBXFileReference; lastKnownFileType = sourcecode.swift; path = Constants.swift; sourceTree = "<group>"; };
		E004E68422CB38F500CF0846 /* Utils.swift */ = {isa = PBXFileReference; lastKnownFileType = sourcecode.swift; path = Utils.swift; sourceTree = "<group>"; };
		E08043B522C4BC4500D0F81D /* ImageViewController.swift */ = {isa = PBXFileReference; lastKnownFileType = sourcecode.swift; path = ImageViewController.swift; sourceTree = "<group>"; };
		E0DA72C222B822ED009A9C89 /* Virtual Tourist.app */ = {isa = PBXFileReference; explicitFileType = wrapper.application; includeInIndex = 0; path = "Virtual Tourist.app"; sourceTree = BUILT_PRODUCTS_DIR; };
		E0DA72C522B822ED009A9C89 /* AppDelegate.swift */ = {isa = PBXFileReference; lastKnownFileType = sourcecode.swift; path = AppDelegate.swift; sourceTree = "<group>"; };
		E0DA72CA22B822ED009A9C89 /* Base */ = {isa = PBXFileReference; lastKnownFileType = file.storyboard; name = Base; path = Base.lproj/Main.storyboard; sourceTree = "<group>"; };
		E0DA72CC22B822EE009A9C89 /* Assets.xcassets */ = {isa = PBXFileReference; lastKnownFileType = folder.assetcatalog; path = Assets.xcassets; sourceTree = "<group>"; };
		E0DA72CF22B822EE009A9C89 /* Base */ = {isa = PBXFileReference; lastKnownFileType = file.storyboard; name = Base; path = Base.lproj/LaunchScreen.storyboard; sourceTree = "<group>"; };
		E0DA72D122B822EE009A9C89 /* Info.plist */ = {isa = PBXFileReference; lastKnownFileType = text.plist.xml; path = Info.plist; sourceTree = "<group>"; };
		E0DA72DB22B8239D009A9C89 /* FlickrAPI.swift */ = {isa = PBXFileReference; lastKnownFileType = sourcecode.swift; path = FlickrAPI.swift; sourceTree = "<group>"; };
		E0DA72DD22B82489009A9C89 /* MapViewController.swift */ = {isa = PBXFileReference; lastKnownFileType = sourcecode.swift; path = MapViewController.swift; sourceTree = "<group>"; };
		E0DA72DF22B8251B009A9C89 /* Default-568h@2x.png */ = {isa = PBXFileReference; lastKnownFileType = image.png; path = "Default-568h@2x.png"; sourceTree = "<group>"; };
		E0DA72E122B96EF9009A9C89 /* FlickerPhoto.swift */ = {isa = PBXFileReference; lastKnownFileType = sourcecode.swift; path = FlickerPhoto.swift; sourceTree = "<group>"; };
		E0DA72E422BD4187009A9C89 /* FlickrModel.xcdatamodel */ = {isa = PBXFileReference; lastKnownFileType = wrapper.xcdatamodel; path = FlickrModel.xcdatamodel; sourceTree = "<group>"; };
		E0DA72E622BD445E009A9C89 /* DataController.swift */ = {isa = PBXFileReference; lastKnownFileType = sourcecode.swift; path = DataController.swift; sourceTree = "<group>"; };
		E0DA72E822BD514E009A9C89 /* Pin+Extra.swift */ = {isa = PBXFileReference; lastKnownFileType = sourcecode.swift; path = "Pin+Extra.swift"; sourceTree = "<group>"; };
		E0E6C7E922C2496200EC03F0 /* DetailViewController.swift */ = {isa = PBXFileReference; lastKnownFileType = sourcecode.swift; path = DetailViewController.swift; sourceTree = "<group>"; };
		E0E6C7EB22C24A1100EC03F0 /* FlickrCollectionViewCell.swift */ = {isa = PBXFileReference; lastKnownFileType = sourcecode.swift; path = FlickrCollectionViewCell.swift; sourceTree = "<group>"; };
		E0E6C7ED22C253F300EC03F0 /* Photo+Extra.swift */ = {isa = PBXFileReference; lastKnownFileType = sourcecode.swift; path = "Photo+Extra.swift"; sourceTree = "<group>"; };
/* End PBXFileReference section */

/* Begin PBXFrameworksBuildPhase section */
		E0DA72BF22B822ED009A9C89 /* Frameworks */ = {
			isa = PBXFrameworksBuildPhase;
			buildActionMask = 2147483647;
			files = (
			);
			runOnlyForDeploymentPostprocessing = 0;
		};
/* End PBXFrameworksBuildPhase section */

/* Begin PBXGroup section */
		E0DA72B922B822ED009A9C89 = {
			isa = PBXGroup;
			children = (
				E0DA72DF22B8251B009A9C89 /* Default-568h@2x.png */,
				E0DA72C422B822ED009A9C89 /* Virtual Tourist */,
				E0DA72C322B822ED009A9C89 /* Products */,
			);
			sourceTree = "<group>";
		};
		E0DA72C322B822ED009A9C89 /* Products */ = {
			isa = PBXGroup;
			children = (
				E0DA72C222B822ED009A9C89 /* Virtual Tourist.app */,
			);
			name = Products;
			sourceTree = "<group>";
		};
		E0DA72C422B822ED009A9C89 /* Virtual Tourist */ = {
			isa = PBXGroup;
			children = (
				E0DA72D122B822EE009A9C89 /* Info.plist */,
				E0DA72D722B82313009A9C89 /* Model */,
				E0DA72D822B8231A009A9C89 /* View */,
				E0DA72D922B82321009A9C89 /* Controller */,
				E0DA72DA22B8235F009A9C89 /* Supporting Files */,
			);
			path = "Virtual Tourist";
			sourceTree = "<group>";
		};
		E0DA72D722B82313009A9C89 /* Model */ = {
			isa = PBXGroup;
			children = (
				E004E68222CB2C1500CF0846 /* Constants.swift */,
				E0DA72E822BD514E009A9C89 /* Pin+Extra.swift */,
				E0E6C7ED22C253F300EC03F0 /* Photo+Extra.swift */,
				E0DA72E322BD4187009A9C89 /* FlickrModel.xcdatamodeld */,
				E0DA72E122B96EF9009A9C89 /* FlickerPhoto.swift */,
				E0DA72E622BD445E009A9C89 /* DataController.swift */,
				E004E68422CB38F500CF0846 /* Utils.swift */,
			);
			path = Model;
			sourceTree = "<group>";
		};
		E0DA72D822B8231A009A9C89 /* View */ = {
			isa = PBXGroup;
			children = (
				E0DA72C922B822ED009A9C89 /* Main.storyboard */,
			);
			path = View;
			sourceTree = "<group>";
		};
		E0DA72D922B82321009A9C89 /* Controller */ = {
			isa = PBXGroup;
			children = (
				E08043B522C4BC4500D0F81D /* ImageViewController.swift */,
				E0E6C7E922C2496200EC03F0 /* DetailViewController.swift */,
				E0E6C7EB22C24A1100EC03F0 /* FlickrCollectionViewCell.swift */,
				E0DA72DB22B8239D009A9C89 /* FlickrAPI.swift */,
				E0DA72DD22B82489009A9C89 /* MapViewController.swift */,
			);
			path = Controller;
			sourceTree = "<group>";
		};
		E0DA72DA22B8235F009A9C89 /* Supporting Files */ = {
			isa = PBXGroup;
			children = (
				E0DA72C522B822ED009A9C89 /* AppDelegate.swift */,
				E0DA72CC22B822EE009A9C89 /* Assets.xcassets */,
				E0DA72CE22B822EE009A9C89 /* LaunchScreen.storyboard */,
			);
			path = "Supporting Files";
			sourceTree = "<group>";
		};
/* End PBXGroup section */

/* Begin PBXNativeTarget section */
		E0DA72C122B822ED009A9C89 /* Virtual Tourist */ = {
			isa = PBXNativeTarget;
			buildConfigurationList = E0DA72D422B822EE009A9C89 /* Build configuration list for PBXNativeTarget "Virtual Tourist" */;
			buildPhases = (
				E0DA72BE22B822ED009A9C89 /* Sources */,
				E0DA72BF22B822ED009A9C89 /* Frameworks */,
				E0DA72C022B822ED009A9C89 /* Resources */,
			);
			buildRules = (
			);
			dependencies = (
			);
			name = "Virtual Tourist";
			productName = "Virtual Tourist";
			productReference = E0DA72C222B822ED009A9C89 /* Virtual Tourist.app */;
			productType = "com.apple.product-type.application";
		};
/* End PBXNativeTarget section */

/* Begin PBXProject section */
		E0DA72BA22B822ED009A9C89 /* Project object */ = {
			isa = PBXProject;
			attributes = {
				LastSwiftUpdateCheck = 1020;
				LastUpgradeCheck = 1020;
				ORGANIZATIONNAME = "Ahmad Apps";
				TargetAttributes = {
					E0DA72C122B822ED009A9C89 = {
						CreatedOnToolsVersion = 10.2.1;
					};
				};
			};
			buildConfigurationList = E0DA72BD22B822ED009A9C89 /* Build configuration list for PBXProject "Virtual Tourist" */;
			compatibilityVersion = "Xcode 9.3";
			developmentRegion = en;
			hasScannedForEncodings = 0;
			knownRegions = (
				en,
				Base,
			);
			mainGroup = E0DA72B922B822ED009A9C89;
			productRefGroup = E0DA72C322B822ED009A9C89 /* Products */;
			projectDirPath = "";
			projectRoot = "";
			targets = (
				E0DA72C122B822ED009A9C89 /* Virtual Tourist */,
			);
		};
/* End PBXProject section */

/* Begin PBXResourcesBuildPhase section */
		E0DA72C022B822ED009A9C89 /* Resources */ = {
			isa = PBXResourcesBuildPhase;
			buildActionMask = 2147483647;
			files = (
				E0DA72D022B822EE009A9C89 /* LaunchScreen.storyboard in Resources */,
				E0DA72E022B8251B009A9C89 /* Default-568h@2x.png in Resources */,
				E0DA72CD22B822EE009A9C89 /* Assets.xcassets in Resources */,
				E0DA72CB22B822ED009A9C89 /* Main.storyboard in Resources */,
			);
			runOnlyForDeploymentPostprocessing = 0;
		};
/* End PBXResourcesBuildPhase section */

/* Begin PBXSourcesBuildPhase section */
		E0DA72BE22B822ED009A9C89 /* Sources */ = {
			isa = PBXSourcesBuildPhase;
			buildActionMask = 2147483647;
			files = (
				E0DA72E522BD4187009A9C89 /* FlickrModel.xcdatamodeld in Sources */,
				E0DA72E722BD445E009A9C89 /* DataController.swift in Sources */,
				E0DA72DC22B8239D009A9C89 /* FlickrAPI.swift in Sources */,
				E0E6C7EE22C253F300EC03F0 /* Photo+Extra.swift in Sources */,
				E0DA72DE22B82489009A9C89 /* MapViewController.swift in Sources */,
				E004E68522CB38F500CF0846 /* Utils.swift in Sources */,
				E0DA72C622B822ED009A9C89 /* AppDelegate.swift in Sources */,
				E0DA72E922BD514E009A9C89 /* Pin+Extra.swift in Sources */,
				E0DA72E222B96EF9009A9C89 /* FlickerPhoto.swift in Sources */,
				E0E6C7EC22C24A1100EC03F0 /* FlickrCollectionViewCell.swift in Sources */,
				E08043B622C4BC4500D0F81D /* ImageViewController.swift in Sources */,
				E0E6C7EA22C2496200EC03F0 /* DetailViewController.swift in Sources */,
				E004E68322CB2C1500CF0846 /* Constants.swift in Sources */,
			);
			runOnlyForDeploymentPostprocessing = 0;
		};
/* End PBXSourcesBuildPhase section */

/* Begin PBXVariantGroup section */
		E0DA72C922B822ED009A9C89 /* Main.storyboard */ = {
			isa = PBXVariantGroup;
			children = (
				E0DA72CA22B822ED009A9C89 /* Base */,
			);
			name = Main.storyboard;
			sourceTree = "<group>";
		};
		E0DA72CE22B822EE009A9C89 /* LaunchScreen.storyboard */ = {
			isa = PBXVariantGroup;
			children = (
				E0DA72CF22B822EE009A9C89 /* Base */,
			);
			name = LaunchScreen.storyboard;
			sourceTree = "<group>";
		};
/* End PBXVariantGroup section */

/* Begin XCBuildConfiguration section */
		E0DA72D222B822EE009A9C89 /* Debug */ = {
			isa = XCBuildConfiguration;
			buildSettings = {
				ALWAYS_SEARCH_USER_PATHS = NO;
				CLANG_ANALYZER_NONNULL = YES;
				CLANG_ANALYZER_NUMBER_OBJECT_CONVERSION = YES_AGGRESSIVE;
				CLANG_CXX_LANGUAGE_STANDARD = "gnu++14";
				CLANG_CXX_LIBRARY = "libc++";
				CLANG_ENABLE_MODULES = YES;
				CLANG_ENABLE_OBJC_ARC = YES;
				CLANG_ENABLE_OBJC_WEAK = YES;
				CLANG_WARN_BLOCK_CAPTURE_AUTORELEASING = YES;
				CLANG_WARN_BOOL_CONVERSION = YES;
				CLANG_WARN_COMMA = YES;
				CLANG_WARN_CONSTANT_CONVERSION = YES;
				CLANG_WARN_DEPRECATED_OBJC_IMPLEMENTATIONS = YES;
				CLANG_WARN_DIRECT_OBJC_ISA_USAGE = YES_ERROR;
				CLANG_WARN_DOCUMENTATION_COMMENTS = YES;
				CLANG_WARN_EMPTY_BODY = YES;
				CLANG_WARN_ENUM_CONVERSION = YES;
				CLANG_WARN_INFINITE_RECURSION = YES;
				CLANG_WARN_INT_CONVERSION = YES;
				CLANG_WARN_NON_LITERAL_NULL_CONVERSION = YES;
				CLANG_WARN_OBJC_IMPLICIT_RETAIN_SELF = YES;
				CLANG_WARN_OBJC_LITERAL_CONVERSION = YES;
				CLANG_WARN_OBJC_ROOT_CLASS = YES_ERROR;
				CLANG_WARN_RANGE_LOOP_ANALYSIS = YES;
				CLANG_WARN_STRICT_PROTOTYPES = YES;
				CLANG_WARN_SUSPICIOUS_MOVE = YES;
				CLANG_WARN_UNGUARDED_AVAILABILITY = YES_AGGRESSIVE;
				CLANG_WARN_UNREACHABLE_CODE = YES;
				CLANG_WARN__DUPLICATE_METHOD_MATCH = YES;
				CODE_SIGN_IDENTITY = "iPhone Developer";
				COPY_PHASE_STRIP = NO;
				DEBUG_INFORMATION_FORMAT = dwarf;
				ENABLE_STRICT_OBJC_MSGSEND = YES;
				ENABLE_TESTABILITY = YES;
				GCC_C_LANGUAGE_STANDARD = gnu11;
				GCC_DYNAMIC_NO_PIC = NO;
				GCC_NO_COMMON_BLOCKS = YES;
				GCC_OPTIMIZATION_LEVEL = 0;
				GCC_PREPROCESSOR_DEFINITIONS = (
					"DEBUG=1",
					"$(inherited)",
				);
				GCC_WARN_64_TO_32_BIT_CONVERSION = YES;
				GCC_WARN_ABOUT_RETURN_TYPE = YES_ERROR;
				GCC_WARN_UNDECLARED_SELECTOR = YES;
				GCC_WARN_UNINITIALIZED_AUTOS = YES_AGGRESSIVE;
				GCC_WARN_UNUSED_FUNCTION = YES;
				GCC_WARN_UNUSED_VARIABLE = YES;
				IPHONEOS_DEPLOYMENT_TARGET = 12.2;
				MTL_ENABLE_DEBUG_INFO = INCLUDE_SOURCE;
				MTL_FAST_MATH = YES;
				ONLY_ACTIVE_ARCH = YES;
				SDKROOT = iphoneos;
				SWIFT_ACTIVE_COMPILATION_CONDITIONS = DEBUG;
				SWIFT_OPTIMIZATION_LEVEL = "-Onone";
			};
			name = Debug;
		};
		E0DA72D322B822EE009A9C89 /* Release */ = {
			isa = XCBuildConfiguration;
			buildSettings = {
				ALWAYS_SEARCH_USER_PATHS = NO;
				CLANG_ANALYZER_NONNULL = YES;
				CLANG_ANALYZER_NUMBER_OBJECT_CONVERSION = YES_AGGRESSIVE;
				CLANG_CXX_LANGUAGE_STANDARD = "gnu++14";
				CLANG_CXX_LIBRARY = "libc++";
				CLANG_ENABLE_MODULES = YES;
				CLANG_ENABLE_OBJC_ARC = YES;
				CLANG_ENABLE_OBJC_WEAK = YES;
				CLANG_WARN_BLOCK_CAPTURE_AUTORELEASING = YES;
				CLANG_WARN_BOOL_CONVERSION = YES;
				CLANG_WARN_COMMA = YES;
				CLANG_WARN_CONSTANT_CONVERSION = YES;
				CLANG_WARN_DEPRECATED_OBJC_IMPLEMENTATIONS = YES;
				CLANG_WARN_DIRECT_OBJC_ISA_USAGE = YES_ERROR;
				CLANG_WARN_DOCUMENTATION_COMMENTS = YES;
				CLANG_WARN_EMPTY_BODY = YES;
				CLANG_WARN_ENUM_CONVERSION = YES;
				CLANG_WARN_INFINITE_RECURSION = YES;
				CLANG_WARN_INT_CONVERSION = YES;
				CLANG_WARN_NON_LITERAL_NULL_CONVERSION = YES;
				CLANG_WARN_OBJC_IMPLICIT_RETAIN_SELF = YES;
				CLANG_WARN_OBJC_LITERAL_CONVERSION = YES;
				CLANG_WARN_OBJC_ROOT_CLASS = YES_ERROR;
				CLANG_WARN_RANGE_LOOP_ANALYSIS = YES;
				CLANG_WARN_STRICT_PROTOTYPES = YES;
				CLANG_WARN_SUSPICIOUS_MOVE = YES;
				CLANG_WARN_UNGUARDED_AVAILABILITY = YES_AGGRESSIVE;
				CLANG_WARN_UNREACHABLE_CODE = YES;
				CLANG_WARN__DUPLICATE_METHOD_MATCH = YES;
				CODE_SIGN_IDENTITY = "iPhone Developer";
				COPY_PHASE_STRIP = NO;
				DEBUG_INFORMATION_FORMAT = "dwarf-with-dsym";
				ENABLE_NS_ASSERTIONS = NO;
				ENABLE_STRICT_OBJC_MSGSEND = YES;
				GCC_C_LANGUAGE_STANDARD = gnu11;
				GCC_NO_COMMON_BLOCKS = YES;
				GCC_WARN_64_TO_32_BIT_CONVERSION = YES;
				GCC_WARN_ABOUT_RETURN_TYPE = YES_ERROR;
				GCC_WARN_UNDECLARED_SELECTOR = YES;
				GCC_WARN_UNINITIALIZED_AUTOS = YES_AGGRESSIVE;
				GCC_WARN_UNUSED_FUNCTION = YES;
				GCC_WARN_UNUSED_VARIABLE = YES;
				IPHONEOS_DEPLOYMENT_TARGET = 12.2;
				MTL_ENABLE_DEBUG_INFO = NO;
				MTL_FAST_MATH = YES;
				SDKROOT = iphoneos;
				SWIFT_COMPILATION_MODE = wholemodule;
				SWIFT_OPTIMIZATION_LEVEL = "-O";
				VALIDATE_PRODUCT = YES;
			};
			name = Release;
		};
		E0DA72D522B822EE009A9C89 /* Debug */ = {
			isa = XCBuildConfiguration;
			buildSettings = {
				ASSETCATALOG_COMPILER_APPICON_NAME = AppIcon;
				CODE_SIGN_STYLE = Automatic;
				DEVELOPMENT_TEAM = Z5WVWE62TT;
				INFOPLIST_FILE = "Virtual Tourist/Info.plist";
				IPHONEOS_DEPLOYMENT_TARGET = 12.0;
				LD_RUNPATH_SEARCH_PATHS = (
					"$(inherited)",
					"@executable_path/Frameworks",
				);
				PRODUCT_BUNDLE_IDENTIFIER = "com.abunoor.Virtual-Tourist";
				PRODUCT_NAME = "$(TARGET_NAME)";
				SWIFT_VERSION = 4.2;
				TARGETED_DEVICE_FAMILY = "1,2";
			};
			name = Debug;
		};
		E0DA72D622B822EE009A9C89 /* Release */ = {
			isa = XCBuildConfiguration;
			buildSettings = {
				ASSETCATALOG_COMPILER_APPICON_NAME = AppIcon;
				CODE_SIGN_STYLE = Automatic;
				DEVELOPMENT_TEAM = Z5WVWE62TT;
				INFOPLIST_FILE = "Virtual Tourist/Info.plist";
				IPHONEOS_DEPLOYMENT_TARGET = 12.0;
				LD_RUNPATH_SEARCH_PATHS = (
					"$(inherited)",
					"@executable_path/Frameworks",
				);
				PRODUCT_BUNDLE_IDENTIFIER = "com.abunoor.Virtual-Tourist";
				PRODUCT_NAME = "$(TARGET_NAME)";
				SWIFT_VERSION = 4.2;
				TARGETED_DEVICE_FAMILY = "1,2";
			};
			name = Release;
		};
/* End XCBuildConfiguration section */

/* Begin XCConfigurationList section */
		E0DA72BD22B822ED009A9C89 /* Build configuration list for PBXProject "Virtual Tourist" */ = {
			isa = XCConfigurationList;
			buildConfigurations = (
				E0DA72D222B822EE009A9C89 /* Debug */,
				E0DA72D322B822EE009A9C89 /* Release */,
			);
			defaultConfigurationIsVisible = 0;
			defaultConfigurationName = Release;
		};
		E0DA72D422B822EE009A9C89 /* Build configuration list for PBXNativeTarget "Virtual Tourist" */ = {
			isa = XCConfigurationList;
			buildConfigurations = (
				E0DA72D522B822EE009A9C89 /* Debug */,
				E0DA72D622B822EE009A9C89 /* Release */,
			);
			defaultConfigurationIsVisible = 0;
			defaultConfigurationName = Release;
		};
/* End XCConfigurationList section */

/* Begin XCVersionGroup section */
		E0DA72E322BD4187009A9C89 /* FlickrModel.xcdatamodeld */ = {
			isa = XCVersionGroup;
			children = (
				E0DA72E422BD4187009A9C89 /* FlickrModel.xcdatamodel */,
			);
			currentVersion = E0DA72E422BD4187009A9C89 /* FlickrModel.xcdatamodel */;
			path = FlickrModel.xcdatamodeld;
			sourceTree = "<group>";
			versionGroupType = wrapper.xcdatamodel;
		};
/* End XCVersionGroup section */
	};
	rootObject = E0DA72BA22B822ED009A9C89 /* Project object */;
}
